
Microsoft Visual Studio Solution File, Format Version 12.00
# Visual Studio Version 17
VisualStudioVersion = 17.2.32526.322
MinimumVisualStudioVersion = 10.0.40219.1
Project("{9092AA53-FB77-4645-B42D-1CCCA6BD08BD}") = "BstConsoleJs", "BstConsoleJs\BstConsoleJs.njsproj", "{FD2C0531-2D19-4640-A11C-2565FEA67F2B}"
EndProject
Project("{9092AA53-FB77-4645-B42D-1CCCA6BD08BD}") = "BstConsoleTs", "BstConsoleTs\BstConsoleTs.njsproj", "{B291413F-5FAD-422F-9CE4-924DE21ABA32}"
EndProject
Project("{9092AA53-FB77-4645-B42D-1CCCA6BD08BD}") = "BstApiTs", "BstApiTs\BstApiTs.njsproj", "{903562E3-85EC-4498-B9F5-3C8528CE92B0}"
EndProject
Global
	GlobalSection(SolutionConfigurationPlatforms) = preSolution
		Debug|Any CPU = Debug|Any CPU
		Release|Any CPU = Release|Any CPU
	EndGlobalSection
	GlobalSection(ProjectConfigurationPlatforms) = postSolution
		{FD2C0531-2D19-4640-A11C-2565FEA67F2B}.Debug|Any CPU.ActiveCfg = Debug|Any CPU
		{FD2C0531-2D19-4640-A11C-2565FEA67F2B}.Debug|Any CPU.Build.0 = Debug|Any CPU
		{FD2C0531-2D19-4640-A11C-2565FEA67F2B}.Release|Any CPU.ActiveCfg = Release|Any CPU
		{FD2C0531-2D19-4640-A11C-2565FEA67F2B}.Release|Any CPU.Build.0 = Release|Any CPU
		{B291413F-5FAD-422F-9CE4-924DE21ABA32}.Debug|Any CPU.ActiveCfg = Debug|Any CPU
		{B291413F-5FAD-422F-9CE4-924DE21ABA32}.Debug|Any CPU.Build.0 = Debug|Any CPU
		{B291413F-5FAD-422F-9CE4-924DE21ABA32}.Release|Any CPU.ActiveCfg = Release|Any CPU
		{B291413F-5FAD-422F-9CE4-924DE21ABA32}.Release|Any CPU.Build.0 = Release|Any CPU
		{903562E3-85EC-4498-B9F5-3C8528CE92B0}.Debug|Any CPU.ActiveCfg = Debug|Any CPU
		{903562E3-85EC-4498-B9F5-3C8528CE92B0}.Debug|Any CPU.Build.0 = Debug|Any CPU
		{903562E3-85EC-4498-B9F5-3C8528CE92B0}.Release|Any CPU.ActiveCfg = Release|Any CPU
		{903562E3-85EC-4498-B9F5-3C8528CE92B0}.Release|Any CPU.Build.0 = Release|Any CPU
	EndGlobalSection
	GlobalSection(SolutionProperties) = preSolution
		HideSolutionNode = FALSE
	EndGlobalSection
	GlobalSection(ExtensibilityGlobals) = postSolution
		SolutionGuid = {3CFB62B7-583B-4664-81C8-0A021140A822}
	EndGlobalSection
EndGlobal
